
Microsoft Visual Studio Solution File, Format Version 12.00
# Visual Studio Version 17
VisualStudioVersion = 17.1.32421.90
MinimumVisualStudioVersion = 10.0.40219.1
Project("{FAE04EC0-301F-11D3-BF4B-00C04F79EFBC}") = "GP-API", "GP-API\GP-API.csproj", "{13F135A0-8377-400E-AF0B-826A5648B9E7}"
EndProject
Global
	GlobalSection(SolutionConfigurationPlatforms) = preSolution
		Debug|Any CPU = Debug|Any CPU
		Release|Any CPU = Release|Any CPU
	EndGlobalSection
	GlobalSection(ProjectConfigurationPlatforms) = postSolution
		{13F135A0-8377-400E-AF0B-826A5648B9E7}.Debug|Any CPU.ActiveCfg = Debug|Any CPU
		{13F135A0-8377-400E-AF0B-826A5648B9E7}.Debug|Any CPU.Build.0 = Debug|Any CPU
		{13F135A0-8377-400E-AF0B-826A5648B9E7}.Release|Any CPU.ActiveCfg = Release|Any CPU
		{13F135A0-8377-400E-AF0B-826A5648B9E7}.Release|Any CPU.Build.0 = Release|Any CPU
	EndGlobalSection
	GlobalSection(SolutionProperties) = preSolution
		HideSolutionNode = FALSE
	EndGlobalSection
	GlobalSection(ExtensibilityGlobals) = postSolution
		SolutionGuid = {3C2025B5-77B3-4003-BD93-4F459433983D}
	EndGlobalSection
EndGlobal
